// !$*UTF8*$!
{
	archiveVersion = 1;
	classes = {
	};
	objectVersion = 50;
	objects = {

/* Begin PBXBuildFile section */
		3E1B9D2B20C0F3EB0089B327 /* Queuing.swift in Sources */ = {isa = PBXBuildFile; fileRef = 3E1B9D2A20C0F3EB0089B327 /* Queuing.swift */; };
		3E1B9D2C20C0F7680089B327 /* Queuing.swift in Sources */ = {isa = PBXBuildFile; fileRef = 3E1B9D2A20C0F3EB0089B327 /* Queuing.swift */; };
		3E511DAC20C8D7BD0072C375 /* OptionalKeyPathStore.swift in Sources */ = {isa = PBXBuildFile; fileRef = 3E511DAB20C8D7BD0072C375 /* OptionalKeyPathStore.swift */; };
		3E511DAD20C8D91D0072C375 /* OptionalKeyPathStore.swift in Sources */ = {isa = PBXBuildFile; fileRef = 3E511DAB20C8D7BD0072C375 /* OptionalKeyPathStore.swift */; };
		3E511DAF20C8E1400072C375 /* ReadOnlyStore.swift in Sources */ = {isa = PBXBuildFile; fileRef = 3E511DAE20C8E1400072C375 /* ReadOnlyStore.swift */; };
		3E511DB020C8E1430072C375 /* ReadOnlyStore.swift in Sources */ = {isa = PBXBuildFile; fileRef = 3E511DAE20C8E1400072C375 /* ReadOnlyStore.swift */; };
		3E511DB420C8E4960072C375 /* OptionalReadOnlyStore.swift in Sources */ = {isa = PBXBuildFile; fileRef = 3E511DB320C8E4960072C375 /* OptionalReadOnlyStore.swift */; };
		3E511DB520C8E4980072C375 /* OptionalReadOnlyStore.swift in Sources */ = {isa = PBXBuildFile; fileRef = 3E511DB320C8E4960072C375 /* OptionalReadOnlyStore.swift */; };
		3E9C292E20BF731500FED88A /* Subscriber.swift in Sources */ = {isa = PBXBuildFile; fileRef = 3E9C292920BF731500FED88A /* Subscriber.swift */; };
		3E9C293020BF731500FED88A /* Atomic.swift in Sources */ = {isa = PBXBuildFile; fileRef = 3E9C292B20BF731500FED88A /* Atomic.swift */; };
		3E9C293120BF731500FED88A /* Store.swift in Sources */ = {isa = PBXBuildFile; fileRef = 3E9C292C20BF731500FED88A /* Store.swift */; };
		3E9C293220BF731500FED88A /* Action.swift in Sources */ = {isa = PBXBuildFile; fileRef = 3E9C292D20BF731500FED88A /* Action.swift */; };
		3E9C293320BF731A00FED88A /* Subscriber.swift in Sources */ = {isa = PBXBuildFile; fileRef = 3E9C292920BF731500FED88A /* Subscriber.swift */; };
		3E9C293520BF731A00FED88A /* Atomic.swift in Sources */ = {isa = PBXBuildFile; fileRef = 3E9C292B20BF731500FED88A /* Atomic.swift */; };
		3E9C293620BF731A00FED88A /* Store.swift in Sources */ = {isa = PBXBuildFile; fileRef = 3E9C292C20BF731500FED88A /* Store.swift */; };
		3E9C293720BF731A00FED88A /* Action.swift in Sources */ = {isa = PBXBuildFile; fileRef = 3E9C292D20BF731500FED88A /* Action.swift */; };
		3EA1A1D520C82436004407AB /* KeyPathStore.swift in Sources */ = {isa = PBXBuildFile; fileRef = 3EA1A1D420C82436004407AB /* KeyPathStore.swift */; };
		3EA1A1D620C82438004407AB /* KeyPathStore.swift in Sources */ = {isa = PBXBuildFile; fileRef = 3EA1A1D420C82436004407AB /* KeyPathStore.swift */; };
		3EA1A1D820C84548004407AB /* Subscribable.swift in Sources */ = {isa = PBXBuildFile; fileRef = 3EA1A1D720C84548004407AB /* Subscribable.swift */; };
		3EA1A1D920C8454A004407AB /* Subscribable.swift in Sources */ = {isa = PBXBuildFile; fileRef = 3EA1A1D720C84548004407AB /* Subscribable.swift */; };
		3EA1A1DB20C848D0004407AB /* Subscription.swift in Sources */ = {isa = PBXBuildFile; fileRef = 3EA1A1DA20C848D0004407AB /* Subscription.swift */; };
		3EA1A1DC20C848D4004407AB /* Subscription.swift in Sources */ = {isa = PBXBuildFile; fileRef = 3EA1A1DA20C848D0004407AB /* Subscription.swift */; };
		3EA1A1DE20C84A22004407AB /* AnyStore.swift in Sources */ = {isa = PBXBuildFile; fileRef = 3EA1A1DD20C84A22004407AB /* AnyStore.swift */; };
		3EA1A1DF20C84A26004407AB /* AnyStore.swift in Sources */ = {isa = PBXBuildFile; fileRef = 3EA1A1DD20C84A22004407AB /* AnyStore.swift */; };
		3EA1A1E120C8606E004407AB /* Store+Subscript.swift in Sources */ = {isa = PBXBuildFile; fileRef = 3EA1A1E020C8606E004407AB /* Store+Subscript.swift */; };
		3EA1A1E220C86073004407AB /* Store+Subscript.swift in Sources */ = {isa = PBXBuildFile; fileRef = 3EA1A1E020C8606E004407AB /* Store+Subscript.swift */; };
		3ED677D620C87291005C2E88 /* WrappedKeyPathStore.swift in Sources */ = {isa = PBXBuildFile; fileRef = 3ED677D520C87291005C2E88 /* WrappedKeyPathStore.swift */; };
		3ED677D720C87296005C2E88 /* WrappedKeyPathStore.swift in Sources */ = {isa = PBXBuildFile; fileRef = 3ED677D520C87291005C2E88 /* WrappedKeyPathStore.swift */; };
/* End PBXBuildFile section */

/* Begin PBXFileReference section */
		3E1B9D2A20C0F3EB0089B327 /* Queuing.swift */ = {isa = PBXFileReference; lastKnownFileType = sourcecode.swift; path = Queuing.swift; sourceTree = "<group>"; };
		3E511DAB20C8D7BD0072C375 /* OptionalKeyPathStore.swift */ = {isa = PBXFileReference; lastKnownFileType = sourcecode.swift; path = OptionalKeyPathStore.swift; sourceTree = "<group>"; };
		3E511DAE20C8E1400072C375 /* ReadOnlyStore.swift */ = {isa = PBXFileReference; lastKnownFileType = sourcecode.swift; path = ReadOnlyStore.swift; sourceTree = "<group>"; };
		3E511DB320C8E4960072C375 /* OptionalReadOnlyStore.swift */ = {isa = PBXFileReference; lastKnownFileType = sourcecode.swift; path = OptionalReadOnlyStore.swift; sourceTree = "<group>"; };
		3E9C290820BF716800FED88A /* Swux.framework */ = {isa = PBXFileReference; explicitFileType = wrapper.framework; includeInIndex = 0; path = Swux.framework; sourceTree = BUILT_PRODUCTS_DIR; };
		3E9C290C20BF716800FED88A /* Info.plist */ = {isa = PBXFileReference; lastKnownFileType = text.plist.xml; path = Info.plist; sourceTree = "<group>"; };
		3E9C291820BF71D900FED88A /* Swux.framework */ = {isa = PBXFileReference; explicitFileType = wrapper.framework; includeInIndex = 0; path = Swux.framework; sourceTree = BUILT_PRODUCTS_DIR; };
		3E9C292920BF731500FED88A /* Subscriber.swift */ = {isa = PBXFileReference; fileEncoding = 4; lastKnownFileType = sourcecode.swift; path = Subscriber.swift; sourceTree = "<group>"; };
		3E9C292B20BF731500FED88A /* Atomic.swift */ = {isa = PBXFileReference; fileEncoding = 4; lastKnownFileType = sourcecode.swift; path = Atomic.swift; sourceTree = "<group>"; };
		3E9C292C20BF731500FED88A /* Store.swift */ = {isa = PBXFileReference; fileEncoding = 4; lastKnownFileType = sourcecode.swift; path = Store.swift; sourceTree = "<group>"; };
		3E9C292D20BF731500FED88A /* Action.swift */ = {isa = PBXFileReference; fileEncoding = 4; lastKnownFileType = sourcecode.swift; path = Action.swift; sourceTree = "<group>"; };
		3EA1A1D420C82436004407AB /* KeyPathStore.swift */ = {isa = PBXFileReference; lastKnownFileType = sourcecode.swift; path = KeyPathStore.swift; sourceTree = "<group>"; };
		3EA1A1D720C84548004407AB /* Subscribable.swift */ = {isa = PBXFileReference; lastKnownFileType = sourcecode.swift; path = Subscribable.swift; sourceTree = "<group>"; };
		3EA1A1DA20C848D0004407AB /* Subscription.swift */ = {isa = PBXFileReference; lastKnownFileType = sourcecode.swift; path = Subscription.swift; sourceTree = "<group>"; };
		3EA1A1DD20C84A22004407AB /* AnyStore.swift */ = {isa = PBXFileReference; lastKnownFileType = sourcecode.swift; path = AnyStore.swift; sourceTree = "<group>"; };
		3EA1A1E020C8606E004407AB /* Store+Subscript.swift */ = {isa = PBXFileReference; lastKnownFileType = sourcecode.swift; path = "Store+Subscript.swift"; sourceTree = "<group>"; };
		3ED677D520C87291005C2E88 /* WrappedKeyPathStore.swift */ = {isa = PBXFileReference; lastKnownFileType = sourcecode.swift; path = WrappedKeyPathStore.swift; sourceTree = "<group>"; };
/* End PBXFileReference section */

/* Begin PBXFrameworksBuildPhase section */
		3E9C290420BF716800FED88A /* Frameworks */ = {
			isa = PBXFrameworksBuildPhase;
			buildActionMask = 2147483647;
			files = (
			);
			runOnlyForDeploymentPostprocessing = 0;
		};
		3E9C291420BF71D900FED88A /* Frameworks */ = {
			isa = PBXFrameworksBuildPhase;
			buildActionMask = 2147483647;
			files = (
			);
			runOnlyForDeploymentPostprocessing = 0;
		};
/* End PBXFrameworksBuildPhase section */

/* Begin PBXGroup section */
		3E9C28FE20BF716800FED88A = {
			isa = PBXGroup;
			children = (
				3E9C292820BF731500FED88A /* Swux */,
				3E9C290A20BF716800FED88A /* SupportingFiles */,
				3E9C290920BF716800FED88A /* Products */,
			);
			sourceTree = "<group>";
		};
		3E9C290920BF716800FED88A /* Products */ = {
			isa = PBXGroup;
			children = (
				3E9C290820BF716800FED88A /* Swux.framework */,
				3E9C291820BF71D900FED88A /* Swux.framework */,
			);
			name = Products;
			sourceTree = "<group>";
		};
		3E9C290A20BF716800FED88A /* SupportingFiles */ = {
			isa = PBXGroup;
			children = (
				3E9C290C20BF716800FED88A /* Info.plist */,
			);
			path = SupportingFiles;
			sourceTree = "<group>";
		};
		3E9C292820BF731500FED88A /* Swux */ = {
			isa = PBXGroup;
			children = (
				3E9C292920BF731500FED88A /* Subscriber.swift */,
				3EA1A1D720C84548004407AB /* Subscribable.swift */,
				3EA1A1DA20C848D0004407AB /* Subscription.swift */,
				3E1B9D2A20C0F3EB0089B327 /* Queuing.swift */,
				3E9C292B20BF731500FED88A /* Atomic.swift */,
				3E9C292C20BF731500FED88A /* Store.swift */,
				3EA1A1DD20C84A22004407AB /* AnyStore.swift */,
				3EA1A1D420C82436004407AB /* KeyPathStore.swift */,
				3ED677D520C87291005C2E88 /* WrappedKeyPathStore.swift */,
				3E511DAB20C8D7BD0072C375 /* OptionalKeyPathStore.swift */,
				3E511DAE20C8E1400072C375 /* ReadOnlyStore.swift */,
				3E511DB320C8E4960072C375 /* OptionalReadOnlyStore.swift */,
				3EA1A1E020C8606E004407AB /* Store+Subscript.swift */,
				3E9C292D20BF731500FED88A /* Action.swift */,
			);
			name = Swux;
			path = Sources/Swux;
			sourceTree = "<group>";
		};
/* End PBXGroup section */

/* Begin PBXHeadersBuildPhase section */
		3E9C290520BF716800FED88A /* Headers */ = {
			isa = PBXHeadersBuildPhase;
			buildActionMask = 2147483647;
			files = (
			);
			runOnlyForDeploymentPostprocessing = 0;
		};
		3E9C291520BF71D900FED88A /* Headers */ = {
			isa = PBXHeadersBuildPhase;
			buildActionMask = 2147483647;
			files = (
			);
			runOnlyForDeploymentPostprocessing = 0;
		};
/* End PBXHeadersBuildPhase section */

/* Begin PBXNativeTarget section */
		3E9C290720BF716800FED88A /* Swux */ = {
			isa = PBXNativeTarget;
			buildConfigurationList = 3E9C291020BF716800FED88A /* Build configuration list for PBXNativeTarget "Swux" */;
			buildPhases = (
				3E9C290320BF716800FED88A /* Sources */,
				3E9C290420BF716800FED88A /* Frameworks */,
				3E9C290520BF716800FED88A /* Headers */,
				3E9C290620BF716800FED88A /* Resources */,
			);
			buildRules = (
			);
			dependencies = (
			);
			name = Swux;
			productName = Swux;
			productReference = 3E9C290820BF716800FED88A /* Swux.framework */;
			productType = "com.apple.product-type.framework";
		};
		3E9C291720BF71D900FED88A /* SwuxMac */ = {
			isa = PBXNativeTarget;
			buildConfigurationList = 3E9C291F20BF71D900FED88A /* Build configuration list for PBXNativeTarget "SwuxMac" */;
			buildPhases = (
				3E9C291320BF71D900FED88A /* Sources */,
				3E9C291420BF71D900FED88A /* Frameworks */,
				3E9C291520BF71D900FED88A /* Headers */,
				3E9C291620BF71D900FED88A /* Resources */,
			);
			buildRules = (
			);
			dependencies = (
			);
			name = SwuxMac;
			productName = SwuxMac;
			productReference = 3E9C291820BF71D900FED88A /* Swux.framework */;
			productType = "com.apple.product-type.framework";
		};
/* End PBXNativeTarget section */

/* Begin PBXProject section */
		3E9C28FF20BF716800FED88A /* Project object */ = {
			isa = PBXProject;
			attributes = {
				LastUpgradeCheck = 0940;
				ORGANIZATIONNAME = Wircho;
				TargetAttributes = {
					3E9C290720BF716800FED88A = {
						CreatedOnToolsVersion = 9.3.1;
					};
					3E9C291720BF71D900FED88A = {
						CreatedOnToolsVersion = 9.3.1;
					};
				};
			};
			buildConfigurationList = 3E9C290220BF716800FED88A /* Build configuration list for PBXProject "Swux" */;
			compatibilityVersion = "Xcode 9.3";
			developmentRegion = en;
			hasScannedForEncodings = 0;
			knownRegions = (
				en,
			);
			mainGroup = 3E9C28FE20BF716800FED88A;
			productRefGroup = 3E9C290920BF716800FED88A /* Products */;
			projectDirPath = "";
			projectRoot = "";
			targets = (
				3E9C290720BF716800FED88A /* Swux */,
				3E9C291720BF71D900FED88A /* SwuxMac */,
			);
		};
/* End PBXProject section */

/* Begin PBXResourcesBuildPhase section */
		3E9C290620BF716800FED88A /* Resources */ = {
			isa = PBXResourcesBuildPhase;
			buildActionMask = 2147483647;
			files = (
			);
			runOnlyForDeploymentPostprocessing = 0;
		};
		3E9C291620BF71D900FED88A /* Resources */ = {
			isa = PBXResourcesBuildPhase;
			buildActionMask = 2147483647;
			files = (
			);
			runOnlyForDeploymentPostprocessing = 0;
		};
/* End PBXResourcesBuildPhase section */

/* Begin PBXSourcesBuildPhase section */
		3E9C290320BF716800FED88A /* Sources */ = {
			isa = PBXSourcesBuildPhase;
			buildActionMask = 2147483647;
			files = (
				3E9C292E20BF731500FED88A /* Subscriber.swift in Sources */,
				3E9C293020BF731500FED88A /* Atomic.swift in Sources */,
				3E9C293220BF731500FED88A /* Action.swift in Sources */,
				3E1B9D2B20C0F3EB0089B327 /* Queuing.swift in Sources */,
				3EA1A1DE20C84A22004407AB /* AnyStore.swift in Sources */,
				3EA1A1D520C82436004407AB /* KeyPathStore.swift in Sources */,
				3E511DAC20C8D7BD0072C375 /* OptionalKeyPathStore.swift in Sources */,
				3E9C293120BF731500FED88A /* Store.swift in Sources */,
				3E511DAF20C8E1400072C375 /* ReadOnlyStore.swift in Sources */,
				3ED677D620C87291005C2E88 /* WrappedKeyPathStore.swift in Sources */,
				3EA1A1DB20C848D0004407AB /* Subscription.swift in Sources */,
				3E511DB420C8E4960072C375 /* OptionalReadOnlyStore.swift in Sources */,
				3EA1A1E120C8606E004407AB /* Store+Subscript.swift in Sources */,
				3EA1A1D820C84548004407AB /* Subscribable.swift in Sources */,
			);
			runOnlyForDeploymentPostprocessing = 0;
		};
		3E9C291320BF71D900FED88A /* Sources */ = {
			isa = PBXSourcesBuildPhase;
			buildActionMask = 2147483647;
			files = (
				3E9C293320BF731A00FED88A /* Subscriber.swift in Sources */,
				3E9C293520BF731A00FED88A /* Atomic.swift in Sources */,
				3E9C293720BF731A00FED88A /* Action.swift in Sources */,
				3E1B9D2C20C0F7680089B327 /* Queuing.swift in Sources */,
				3EA1A1DF20C84A26004407AB /* AnyStore.swift in Sources */,
				3EA1A1D620C82438004407AB /* KeyPathStore.swift in Sources */,
				3E511DAD20C8D91D0072C375 /* OptionalKeyPathStore.swift in Sources */,
				3E9C293620BF731A00FED88A /* Store.swift in Sources */,
				3E511DB020C8E1430072C375 /* ReadOnlyStore.swift in Sources */,
				3ED677D720C87296005C2E88 /* WrappedKeyPathStore.swift in Sources */,
				3EA1A1DC20C848D4004407AB /* Subscription.swift in Sources */,
				3E511DB520C8E4980072C375 /* OptionalReadOnlyStore.swift in Sources */,
				3EA1A1E220C86073004407AB /* Store+Subscript.swift in Sources */,
				3EA1A1D920C8454A004407AB /* Subscribable.swift in Sources */,
			);
			runOnlyForDeploymentPostprocessing = 0;
		};
/* End PBXSourcesBuildPhase section */

/* Begin XCBuildConfiguration section */
		3E9C290E20BF716800FED88A /* Debug */ = {
			isa = XCBuildConfiguration;
			buildSettings = {
				ALWAYS_SEARCH_USER_PATHS = NO;
				CLANG_ANALYZER_NONNULL = YES;
				CLANG_ANALYZER_NUMBER_OBJECT_CONVERSION = YES_AGGRESSIVE;
				CLANG_CXX_LANGUAGE_STANDARD = "gnu++14";
				CLANG_CXX_LIBRARY = "libc++";
				CLANG_ENABLE_MODULES = YES;
				CLANG_ENABLE_OBJC_ARC = YES;
				CLANG_ENABLE_OBJC_WEAK = YES;
				CLANG_WARN_BLOCK_CAPTURE_AUTORELEASING = YES;
				CLANG_WARN_BOOL_CONVERSION = YES;
				CLANG_WARN_COMMA = YES;
				CLANG_WARN_CONSTANT_CONVERSION = YES;
				CLANG_WARN_DEPRECATED_OBJC_IMPLEMENTATIONS = YES;
				CLANG_WARN_DIRECT_OBJC_ISA_USAGE = YES_ERROR;
				CLANG_WARN_DOCUMENTATION_COMMENTS = YES;
				CLANG_WARN_EMPTY_BODY = YES;
				CLANG_WARN_ENUM_CONVERSION = YES;
				CLANG_WARN_INFINITE_RECURSION = YES;
				CLANG_WARN_INT_CONVERSION = YES;
				CLANG_WARN_NON_LITERAL_NULL_CONVERSION = YES;
				CLANG_WARN_OBJC_IMPLICIT_RETAIN_SELF = YES;
				CLANG_WARN_OBJC_LITERAL_CONVERSION = YES;
				CLANG_WARN_OBJC_ROOT_CLASS = YES_ERROR;
				CLANG_WARN_RANGE_LOOP_ANALYSIS = YES;
				CLANG_WARN_STRICT_PROTOTYPES = YES;
				CLANG_WARN_SUSPICIOUS_MOVE = YES;
				CLANG_WARN_UNGUARDED_AVAILABILITY = YES_AGGRESSIVE;
				CLANG_WARN_UNREACHABLE_CODE = YES;
				CLANG_WARN__DUPLICATE_METHOD_MATCH = YES;
				CODE_SIGN_IDENTITY = "iPhone Developer";
				COPY_PHASE_STRIP = NO;
				CURRENT_PROJECT_VERSION = 1;
				DEBUG_INFORMATION_FORMAT = dwarf;
				ENABLE_STRICT_OBJC_MSGSEND = YES;
				ENABLE_TESTABILITY = YES;
				GCC_C_LANGUAGE_STANDARD = gnu11;
				GCC_DYNAMIC_NO_PIC = NO;
				GCC_NO_COMMON_BLOCKS = YES;
				GCC_OPTIMIZATION_LEVEL = 0;
				GCC_PREPROCESSOR_DEFINITIONS = (
					"DEBUG=1",
					"$(inherited)",
				);
				GCC_WARN_64_TO_32_BIT_CONVERSION = YES;
				GCC_WARN_ABOUT_RETURN_TYPE = YES_ERROR;
				GCC_WARN_UNDECLARED_SELECTOR = YES;
				GCC_WARN_UNINITIALIZED_AUTOS = YES_AGGRESSIVE;
				GCC_WARN_UNUSED_FUNCTION = YES;
				GCC_WARN_UNUSED_VARIABLE = YES;
				IPHONEOS_DEPLOYMENT_TARGET = 11.3;
				MTL_ENABLE_DEBUG_INFO = YES;
				ONLY_ACTIVE_ARCH = YES;
				SDKROOT = iphoneos;
				SWIFT_ACTIVE_COMPILATION_CONDITIONS = DEBUG;
				SWIFT_OPTIMIZATION_LEVEL = "-Onone";
				VERSIONING_SYSTEM = "apple-generic";
				VERSION_INFO_PREFIX = "";
			};
			name = Debug;
		};
		3E9C290F20BF716800FED88A /* Release */ = {
			isa = XCBuildConfiguration;
			buildSettings = {
				ALWAYS_SEARCH_USER_PATHS = NO;
				CLANG_ANALYZER_NONNULL = YES;
				CLANG_ANALYZER_NUMBER_OBJECT_CONVERSION = YES_AGGRESSIVE;
				CLANG_CXX_LANGUAGE_STANDARD = "gnu++14";
				CLANG_CXX_LIBRARY = "libc++";
				CLANG_ENABLE_MODULES = YES;
				CLANG_ENABLE_OBJC_ARC = YES;
				CLANG_ENABLE_OBJC_WEAK = YES;
				CLANG_WARN_BLOCK_CAPTURE_AUTORELEASING = YES;
				CLANG_WARN_BOOL_CONVERSION = YES;
				CLANG_WARN_COMMA = YES;
				CLANG_WARN_CONSTANT_CONVERSION = YES;
				CLANG_WARN_DEPRECATED_OBJC_IMPLEMENTATIONS = YES;
				CLANG_WARN_DIRECT_OBJC_ISA_USAGE = YES_ERROR;
				CLANG_WARN_DOCUMENTATION_COMMENTS = YES;
				CLANG_WARN_EMPTY_BODY = YES;
				CLANG_WARN_ENUM_CONVERSION = YES;
				CLANG_WARN_INFINITE_RECURSION = YES;
				CLANG_WARN_INT_CONVERSION = YES;
				CLANG_WARN_NON_LITERAL_NULL_CONVERSION = YES;
				CLANG_WARN_OBJC_IMPLICIT_RETAIN_SELF = YES;
				CLANG_WARN_OBJC_LITERAL_CONVERSION = YES;
				CLANG_WARN_OBJC_ROOT_CLASS = YES_ERROR;
				CLANG_WARN_RANGE_LOOP_ANALYSIS = YES;
				CLANG_WARN_STRICT_PROTOTYPES = YES;
				CLANG_WARN_SUSPICIOUS_MOVE = YES;
				CLANG_WARN_UNGUARDED_AVAILABILITY = YES_AGGRESSIVE;
				CLANG_WARN_UNREACHABLE_CODE = YES;
				CLANG_WARN__DUPLICATE_METHOD_MATCH = YES;
				CODE_SIGN_IDENTITY = "iPhone Developer";
				COPY_PHASE_STRIP = NO;
				CURRENT_PROJECT_VERSION = 1;
				DEBUG_INFORMATION_FORMAT = "dwarf-with-dsym";
				ENABLE_NS_ASSERTIONS = NO;
				ENABLE_STRICT_OBJC_MSGSEND = YES;
				GCC_C_LANGUAGE_STANDARD = gnu11;
				GCC_NO_COMMON_BLOCKS = YES;
				GCC_WARN_64_TO_32_BIT_CONVERSION = YES;
				GCC_WARN_ABOUT_RETURN_TYPE = YES_ERROR;
				GCC_WARN_UNDECLARED_SELECTOR = YES;
				GCC_WARN_UNINITIALIZED_AUTOS = YES_AGGRESSIVE;
				GCC_WARN_UNUSED_FUNCTION = YES;
				GCC_WARN_UNUSED_VARIABLE = YES;
				IPHONEOS_DEPLOYMENT_TARGET = 11.3;
				MTL_ENABLE_DEBUG_INFO = NO;
				SDKROOT = iphoneos;
				SWIFT_COMPILATION_MODE = wholemodule;
				SWIFT_OPTIMIZATION_LEVEL = "-O";
				VALIDATE_PRODUCT = YES;
				VERSIONING_SYSTEM = "apple-generic";
				VERSION_INFO_PREFIX = "";
			};
			name = Release;
		};
		3E9C291120BF716800FED88A /* Debug */ = {
			isa = XCBuildConfiguration;
			buildSettings = {
				CODE_SIGN_IDENTITY = "";
				CODE_SIGN_STYLE = Automatic;
				DEFINES_MODULE = YES;
				DEVELOPMENT_TEAM = "";
				DYLIB_COMPATIBILITY_VERSION = 1;
				DYLIB_CURRENT_VERSION = 1;
				DYLIB_INSTALL_NAME_BASE = "@rpath";
				INFOPLIST_FILE = SupportingFiles/Info.plist;
				INSTALL_PATH = "$(LOCAL_LIBRARY_DIR)/Frameworks";
				IPHONEOS_DEPLOYMENT_TARGET = 10.0;
				LD_RUNPATH_SEARCH_PATHS = (
					"$(inherited)",
					"@executable_path/Frameworks",
					"@loader_path/Frameworks",
				);
				PRODUCT_BUNDLE_IDENTIFIER = com.wircho.Swux;
				PRODUCT_NAME = "$(TARGET_NAME:c99extidentifier)";
				SKIP_INSTALL = YES;
				SWIFT_VERSION = 4.0;
				TARGETED_DEVICE_FAMILY = "1,2";
			};
			name = Debug;
		};
		3E9C291220BF716800FED88A /* Release */ = {
			isa = XCBuildConfiguration;
			buildSettings = {
				CODE_SIGN_IDENTITY = "";
				CODE_SIGN_STYLE = Automatic;
				DEFINES_MODULE = YES;
				DEVELOPMENT_TEAM = "";
				DYLIB_COMPATIBILITY_VERSION = 1;
				DYLIB_CURRENT_VERSION = 1;
				DYLIB_INSTALL_NAME_BASE = "@rpath";
				INFOPLIST_FILE = SupportingFiles/Info.plist;
				INSTALL_PATH = "$(LOCAL_LIBRARY_DIR)/Frameworks";
				IPHONEOS_DEPLOYMENT_TARGET = 10.0;
				LD_RUNPATH_SEARCH_PATHS = (
					"$(inherited)",
					"@executable_path/Frameworks",
					"@loader_path/Frameworks",
				);
				PRODUCT_BUNDLE_IDENTIFIER = com.wircho.Swux;
				PRODUCT_NAME = "$(TARGET_NAME:c99extidentifier)";
				SKIP_INSTALL = YES;
				SWIFT_VERSION = 4.0;
				TARGETED_DEVICE_FAMILY = "1,2";
			};
			name = Release;
		};
		3E9C291D20BF71D900FED88A /* Debug */ = {
			isa = XCBuildConfiguration;
			buildSettings = {
				CODE_SIGN_IDENTITY = "";
				CODE_SIGN_STYLE = Automatic;
				COMBINE_HIDPI_IMAGES = YES;
				DEFINES_MODULE = YES;
				DEVELOPMENT_TEAM = PQD87S5J6V;
				DYLIB_COMPATIBILITY_VERSION = 1;
				DYLIB_CURRENT_VERSION = 1;
				DYLIB_INSTALL_NAME_BASE = "@rpath";
				FRAMEWORK_VERSION = A;
				INFOPLIST_FILE = SupportingFiles/Info.plist;
				INSTALL_PATH = "$(LOCAL_LIBRARY_DIR)/Frameworks";
				IPHONEOS_DEPLOYMENT_TARGET = 10.0;
				LD_RUNPATH_SEARCH_PATHS = (
					"$(inherited)",
					"@executable_path/../Frameworks",
					"@loader_path/Frameworks",
				);
				MACOSX_DEPLOYMENT_TARGET = 10.13;
				PRODUCT_BUNDLE_IDENTIFIER = com.wircho.SwuxMac;
				PRODUCT_NAME = Swux;
				SDKROOT = macosx;
				SKIP_INSTALL = YES;
				SWIFT_VERSION = 4.0;
			};
			name = Debug;
		};
		3E9C291E20BF71D900FED88A /* Release */ = {
			isa = XCBuildConfiguration;
			buildSettings = {
				CODE_SIGN_IDENTITY = "";
				CODE_SIGN_STYLE = Automatic;
				COMBINE_HIDPI_IMAGES = YES;
				DEFINES_MODULE = YES;
				DEVELOPMENT_TEAM = PQD87S5J6V;
				DYLIB_COMPATIBILITY_VERSION = 1;
				DYLIB_CURRENT_VERSION = 1;
				DYLIB_INSTALL_NAME_BASE = "@rpath";
				FRAMEWORK_VERSION = A;
				INFOPLIST_FILE = SupportingFiles/Info.plist;
				INSTALL_PATH = "$(LOCAL_LIBRARY_DIR)/Frameworks";
				IPHONEOS_DEPLOYMENT_TARGET = 10.0;
				LD_RUNPATH_SEARCH_PATHS = (
					"$(inherited)",
					"@executable_path/../Frameworks",
					"@loader_path/Frameworks",
				);
				MACOSX_DEPLOYMENT_TARGET = 10.13;
				PRODUCT_BUNDLE_IDENTIFIER = com.wircho.SwuxMac;
				PRODUCT_NAME = Swux;
				SDKROOT = macosx;
				SKIP_INSTALL = YES;
				SWIFT_VERSION = 4.0;
			};
			name = Release;
		};
/* End XCBuildConfiguration section */

/* Begin XCConfigurationList section */
		3E9C290220BF716800FED88A /* Build configuration list for PBXProject "Swux" */ = {
			isa = XCConfigurationList;
			buildConfigurations = (
				3E9C290E20BF716800FED88A /* Debug */,
				3E9C290F20BF716800FED88A /* Release */,
			);
			defaultConfigurationIsVisible = 0;
			defaultConfigurationName = Release;
		};
		3E9C291020BF716800FED88A /* Build configuration list for PBXNativeTarget "Swux" */ = {
			isa = XCConfigurationList;
			buildConfigurations = (
				3E9C291120BF716800FED88A /* Debug */,
				3E9C291220BF716800FED88A /* Release */,
			);
			defaultConfigurationIsVisible = 0;
			defaultConfigurationName = Release;
		};
		3E9C291F20BF71D900FED88A /* Build configuration list for PBXNativeTarget "SwuxMac" */ = {
			isa = XCConfigurationList;
			buildConfigurations = (
				3E9C291D20BF71D900FED88A /* Debug */,
				3E9C291E20BF71D900FED88A /* Release */,
			);
			defaultConfigurationIsVisible = 0;
			defaultConfigurationName = Release;
		};
/* End XCConfigurationList section */
	};
	rootObject = 3E9C28FF20BF716800FED88A /* Project object */;
}
