// !$*UTF8*$!
{
	archiveVersion = 1;
	classes = {
	};
	objectVersion = 50;
	objects = {

/* Begin PBXBuildFile section */
		3E56579020B9C9DD00E6D69C /* Action.swift in Sources */ = {isa = PBXBuildFile; fileRef = 3E56578F20B9C9DD00E6D69C /* Action.swift */; };
		3E56579220B9CA1C00E6D69C /* Atomic.swift in Sources */ = {isa = PBXBuildFile; fileRef = 3E56579120B9CA1C00E6D69C /* Atomic.swift */; };
		3E56579420B9CA4800E6D69C /* Store.swift in Sources */ = {isa = PBXBuildFile; fileRef = 3E56579320B9CA4800E6D69C /* Store.swift */; };
		3E56579620B9CA9A00E6D69C /* Subscriber.swift in Sources */ = {isa = PBXBuildFile; fileRef = 3E56579520B9CA9A00E6D69C /* Subscriber.swift */; };
		3E56579820BA54D400E6D69C /* Swux.swift in Sources */ = {isa = PBXBuildFile; fileRef = 3E56579720BA54D400E6D69C /* Swux.swift */; };
		3E56579A20BB028000E6D69C /* WrappedStateAction.swift in Sources */ = {isa = PBXBuildFile; fileRef = 3E56579920BB028000E6D69C /* WrappedStateAction.swift */; };
		3E68D12D20B9C94C0007AC75 /* AppDelegate.swift in Sources */ = {isa = PBXBuildFile; fileRef = 3E68D12C20B9C94C0007AC75 /* AppDelegate.swift */; };
		3E68D12F20B9C94C0007AC75 /* ViewController.swift in Sources */ = {isa = PBXBuildFile; fileRef = 3E68D12E20B9C94C0007AC75 /* ViewController.swift */; };
		3E68D13220B9C94C0007AC75 /* Main.storyboard in Resources */ = {isa = PBXBuildFile; fileRef = 3E68D13020B9C94C0007AC75 /* Main.storyboard */; };
		3E68D13420B9C9500007AC75 /* Assets.xcassets in Resources */ = {isa = PBXBuildFile; fileRef = 3E68D13320B9C9500007AC75 /* Assets.xcassets */; };
		3E68D13720B9C9500007AC75 /* LaunchScreen.storyboard in Resources */ = {isa = PBXBuildFile; fileRef = 3E68D13520B9C9500007AC75 /* LaunchScreen.storyboard */; };
/* End PBXBuildFile section */

/* Begin PBXFileReference section */
		3E56578F20B9C9DD00E6D69C /* Action.swift */ = {isa = PBXFileReference; lastKnownFileType = sourcecode.swift; path = Action.swift; sourceTree = "<group>"; };
		3E56579120B9CA1C00E6D69C /* Atomic.swift */ = {isa = PBXFileReference; lastKnownFileType = sourcecode.swift; path = Atomic.swift; sourceTree = "<group>"; };
		3E56579320B9CA4800E6D69C /* Store.swift */ = {isa = PBXFileReference; lastKnownFileType = sourcecode.swift; path = Store.swift; sourceTree = "<group>"; };
		3E56579520B9CA9A00E6D69C /* Subscriber.swift */ = {isa = PBXFileReference; lastKnownFileType = sourcecode.swift; path = Subscriber.swift; sourceTree = "<group>"; };
		3E56579720BA54D400E6D69C /* Swux.swift */ = {isa = PBXFileReference; lastKnownFileType = sourcecode.swift; path = Swux.swift; sourceTree = "<group>"; };
		3E56579920BB028000E6D69C /* WrappedStateAction.swift */ = {isa = PBXFileReference; lastKnownFileType = sourcecode.swift; path = WrappedStateAction.swift; sourceTree = "<group>"; };
		3E68D12920B9C94C0007AC75 /* SwuxExample.app */ = {isa = PBXFileReference; explicitFileType = wrapper.application; includeInIndex = 0; path = SwuxExample.app; sourceTree = BUILT_PRODUCTS_DIR; };
		3E68D12C20B9C94C0007AC75 /* AppDelegate.swift */ = {isa = PBXFileReference; lastKnownFileType = sourcecode.swift; path = AppDelegate.swift; sourceTree = "<group>"; };
		3E68D12E20B9C94C0007AC75 /* ViewController.swift */ = {isa = PBXFileReference; lastKnownFileType = sourcecode.swift; path = ViewController.swift; sourceTree = "<group>"; };
		3E68D13120B9C94C0007AC75 /* Base */ = {isa = PBXFileReference; lastKnownFileType = file.storyboard; name = Base; path = Base.lproj/Main.storyboard; sourceTree = "<group>"; };
		3E68D13320B9C9500007AC75 /* Assets.xcassets */ = {isa = PBXFileReference; lastKnownFileType = folder.assetcatalog; path = Assets.xcassets; sourceTree = "<group>"; };
		3E68D13620B9C9500007AC75 /* Base */ = {isa = PBXFileReference; lastKnownFileType = file.storyboard; name = Base; path = Base.lproj/LaunchScreen.storyboard; sourceTree = "<group>"; };
		3E68D13820B9C9500007AC75 /* Info.plist */ = {isa = PBXFileReference; lastKnownFileType = text.plist.xml; path = Info.plist; sourceTree = "<group>"; };
/* End PBXFileReference section */

/* Begin PBXFrameworksBuildPhase section */
		3E68D12620B9C94C0007AC75 /* Frameworks */ = {
			isa = PBXFrameworksBuildPhase;
			buildActionMask = 2147483647;
			files = (
			);
			runOnlyForDeploymentPostprocessing = 0;
		};
/* End PBXFrameworksBuildPhase section */

/* Begin PBXGroup section */
		3E56578A20B9C99600E6D69C /* Swux */ = {
			isa = PBXGroup;
			children = (
				3E56578F20B9C9DD00E6D69C /* Action.swift */,
				3E56579120B9CA1C00E6D69C /* Atomic.swift */,
				3E56579320B9CA4800E6D69C /* Store.swift */,
				3E56579520B9CA9A00E6D69C /* Subscriber.swift */,
				3E56579920BB028000E6D69C /* WrappedStateAction.swift */,
			);
			name = Swux;
			path = ../../Swux;
			sourceTree = "<group>";
		};
		3E68D12020B9C94C0007AC75 = {
			isa = PBXGroup;
			children = (
				3E68D12B20B9C94C0007AC75 /* SwuxExample */,
				3E68D12A20B9C94C0007AC75 /* Products */,
			);
			sourceTree = "<group>";
		};
		3E68D12A20B9C94C0007AC75 /* Products */ = {
			isa = PBXGroup;
			children = (
				3E68D12920B9C94C0007AC75 /* SwuxExample.app */,
			);
			name = Products;
			sourceTree = "<group>";
		};
		3E68D12B20B9C94C0007AC75 /* SwuxExample */ = {
			isa = PBXGroup;
			children = (
				3E56578A20B9C99600E6D69C /* Swux */,
				3E68D12C20B9C94C0007AC75 /* AppDelegate.swift */,
				3E68D12E20B9C94C0007AC75 /* ViewController.swift */,
				3E56579720BA54D400E6D69C /* Swux.swift */,
				3E68D13020B9C94C0007AC75 /* Main.storyboard */,
				3E68D13320B9C9500007AC75 /* Assets.xcassets */,
				3E68D13520B9C9500007AC75 /* LaunchScreen.storyboard */,
				3E68D13820B9C9500007AC75 /* Info.plist */,
			);
			path = SwuxExample;
			sourceTree = "<group>";
		};
/* End PBXGroup section */

/* Begin PBXNativeTarget section */
		3E68D12820B9C94C0007AC75 /* SwuxExample */ = {
			isa = PBXNativeTarget;
			buildConfigurationList = 3E68D13B20B9C9500007AC75 /* Build configuration list for PBXNativeTarget "SwuxExample" */;
			buildPhases = (
				3E68D12520B9C94C0007AC75 /* Sources */,
				3E68D12620B9C94C0007AC75 /* Frameworks */,
				3E68D12720B9C94C0007AC75 /* Resources */,
			);
			buildRules = (
			);
			dependencies = (
			);
			name = SwuxExample;
			productName = SwuxExample;
			productReference = 3E68D12920B9C94C0007AC75 /* SwuxExample.app */;
			productType = "com.apple.product-type.application";
		};
/* End PBXNativeTarget section */

/* Begin PBXProject section */
		3E68D12120B9C94C0007AC75 /* Project object */ = {
			isa = PBXProject;
			attributes = {
				LastSwiftUpdateCheck = 0930;
				LastUpgradeCheck = 0930;
				ORGANIZATIONNAME = Wircho;
				TargetAttributes = {
					3E68D12820B9C94C0007AC75 = {
						CreatedOnToolsVersion = 9.3.1;
					};
				};
			};
			buildConfigurationList = 3E68D12420B9C94C0007AC75 /* Build configuration list for PBXProject "SwuxExample" */;
			compatibilityVersion = "Xcode 9.3";
			developmentRegion = en;
			hasScannedForEncodings = 0;
			knownRegions = (
				en,
				Base,
			);
			mainGroup = 3E68D12020B9C94C0007AC75;
			productRefGroup = 3E68D12A20B9C94C0007AC75 /* Products */;
			projectDirPath = "";
			projectRoot = "";
			targets = (
				3E68D12820B9C94C0007AC75 /* SwuxExample */,
			);
		};
/* End PBXProject section */

/* Begin PBXResourcesBuildPhase section */
		3E68D12720B9C94C0007AC75 /* Resources */ = {
			isa = PBXResourcesBuildPhase;
			buildActionMask = 2147483647;
			files = (
				3E68D13720B9C9500007AC75 /* LaunchScreen.storyboard in Resources */,
				3E68D13420B9C9500007AC75 /* Assets.xcassets in Resources */,
				3E68D13220B9C94C0007AC75 /* Main.storyboard in Resources */,
			);
			runOnlyForDeploymentPostprocessing = 0;
		};
/* End PBXResourcesBuildPhase section */

/* Begin PBXSourcesBuildPhase section */
		3E68D12520B9C94C0007AC75 /* Sources */ = {
			isa = PBXSourcesBuildPhase;
			buildActionMask = 2147483647;
			files = (
				3E56579420B9CA4800E6D69C /* Store.swift in Sources */,
				3E68D12F20B9C94C0007AC75 /* ViewController.swift in Sources */,
				3E68D12D20B9C94C0007AC75 /* AppDelegate.swift in Sources */,
				3E56579020B9C9DD00E6D69C /* Action.swift in Sources */,
				3E56579820BA54D400E6D69C /* Swux.swift in Sources */,
				3E56579A20BB028000E6D69C /* WrappedStateAction.swift in Sources */,
				3E56579220B9CA1C00E6D69C /* Atomic.swift in Sources */,
				3E56579620B9CA9A00E6D69C /* Subscriber.swift in Sources */,
			);
			runOnlyForDeploymentPostprocessing = 0;
		};
/* End PBXSourcesBuildPhase section */

/* Begin PBXVariantGroup section */
		3E68D13020B9C94C0007AC75 /* Main.storyboard */ = {
			isa = PBXVariantGroup;
			children = (
				3E68D13120B9C94C0007AC75 /* Base */,
			);
			name = Main.storyboard;
			sourceTree = "<group>";
		};
		3E68D13520B9C9500007AC75 /* LaunchScreen.storyboard */ = {
			isa = PBXVariantGroup;
			children = (
				3E68D13620B9C9500007AC75 /* Base */,
			);
			name = LaunchScreen.storyboard;
			sourceTree = "<group>";
		};
/* End PBXVariantGroup section */

/* Begin XCBuildConfiguration section */
		3E68D13920B9C9500007AC75 /* Debug */ = {
			isa = XCBuildConfiguration;
			buildSettings = {
				ALWAYS_SEARCH_USER_PATHS = NO;
				CLANG_ANALYZER_NONNULL = YES;
				CLANG_ANALYZER_NUMBER_OBJECT_CONVERSION = YES_AGGRESSIVE;
				CLANG_CXX_LANGUAGE_STANDARD = "gnu++14";
				CLANG_CXX_LIBRARY = "libc++";
				CLANG_ENABLE_MODULES = YES;
				CLANG_ENABLE_OBJC_ARC = YES;
				CLANG_ENABLE_OBJC_WEAK = YES;
				CLANG_WARN_BLOCK_CAPTURE_AUTORELEASING = YES;
				CLANG_WARN_BOOL_CONVERSION = YES;
				CLANG_WARN_COMMA = YES;
				CLANG_WARN_CONSTANT_CONVERSION = YES;
				CLANG_WARN_DEPRECATED_OBJC_IMPLEMENTATIONS = YES;
				CLANG_WARN_DIRECT_OBJC_ISA_USAGE = YES_ERROR;
				CLANG_WARN_DOCUMENTATION_COMMENTS = YES;
				CLANG_WARN_EMPTY_BODY = YES;
				CLANG_WARN_ENUM_CONVERSION = YES;
				CLANG_WARN_INFINITE_RECURSION = YES;
				CLANG_WARN_INT_CONVERSION = YES;
				CLANG_WARN_NON_LITERAL_NULL_CONVERSION = YES;
				CLANG_WARN_OBJC_IMPLICIT_RETAIN_SELF = YES;
				CLANG_WARN_OBJC_LITERAL_CONVERSION = YES;
				CLANG_WARN_OBJC_ROOT_CLASS = YES_ERROR;
				CLANG_WARN_RANGE_LOOP_ANALYSIS = YES;
				CLANG_WARN_STRICT_PROTOTYPES = YES;
				CLANG_WARN_SUSPICIOUS_MOVE = YES;
				CLANG_WARN_UNGUARDED_AVAILABILITY = YES_AGGRESSIVE;
				CLANG_WARN_UNREACHABLE_CODE = YES;
				CLANG_WARN__DUPLICATE_METHOD_MATCH = YES;
				CODE_SIGN_IDENTITY = "iPhone Developer";
				COPY_PHASE_STRIP = NO;
				DEBUG_INFORMATION_FORMAT = dwarf;
				ENABLE_STRICT_OBJC_MSGSEND = YES;
				ENABLE_TESTABILITY = YES;
				GCC_C_LANGUAGE_STANDARD = gnu11;
				GCC_DYNAMIC_NO_PIC = NO;
				GCC_NO_COMMON_BLOCKS = YES;
				GCC_OPTIMIZATION_LEVEL = 0;
				GCC_PREPROCESSOR_DEFINITIONS = (
					"DEBUG=1",
					"$(inherited)",
				);
				GCC_WARN_64_TO_32_BIT_CONVERSION = YES;
				GCC_WARN_ABOUT_RETURN_TYPE = YES_ERROR;
				GCC_WARN_UNDECLARED_SELECTOR = YES;
				GCC_WARN_UNINITIALIZED_AUTOS = YES_AGGRESSIVE;
				GCC_WARN_UNUSED_FUNCTION = YES;
				GCC_WARN_UNUSED_VARIABLE = YES;
				IPHONEOS_DEPLOYMENT_TARGET = 11.3;
				MTL_ENABLE_DEBUG_INFO = YES;
				ONLY_ACTIVE_ARCH = YES;
				SDKROOT = iphoneos;
				SWIFT_ACTIVE_COMPILATION_CONDITIONS = DEBUG;
				SWIFT_OPTIMIZATION_LEVEL = "-Onone";
			};
			name = Debug;
		};
		3E68D13A20B9C9500007AC75 /* Release */ = {
			isa = XCBuildConfiguration;
			buildSettings = {
				ALWAYS_SEARCH_USER_PATHS = NO;
				CLANG_ANALYZER_NONNULL = YES;
				CLANG_ANALYZER_NUMBER_OBJECT_CONVERSION = YES_AGGRESSIVE;
				CLANG_CXX_LANGUAGE_STANDARD = "gnu++14";
				CLANG_CXX_LIBRARY = "libc++";
				CLANG_ENABLE_MODULES = YES;
				CLANG_ENABLE_OBJC_ARC = YES;
				CLANG_ENABLE_OBJC_WEAK = YES;
				CLANG_WARN_BLOCK_CAPTURE_AUTORELEASING = YES;
				CLANG_WARN_BOOL_CONVERSION = YES;
				CLANG_WARN_COMMA = YES;
				CLANG_WARN_CONSTANT_CONVERSION = YES;
				CLANG_WARN_DEPRECATED_OBJC_IMPLEMENTATIONS = YES;
				CLANG_WARN_DIRECT_OBJC_ISA_USAGE = YES_ERROR;
				CLANG_WARN_DOCUMENTATION_COMMENTS = YES;
				CLANG_WARN_EMPTY_BODY = YES;
				CLANG_WARN_ENUM_CONVERSION = YES;
				CLANG_WARN_INFINITE_RECURSION = YES;
				CLANG_WARN_INT_CONVERSION = YES;
				CLANG_WARN_NON_LITERAL_NULL_CONVERSION = YES;
				CLANG_WARN_OBJC_IMPLICIT_RETAIN_SELF = YES;
				CLANG_WARN_OBJC_LITERAL_CONVERSION = YES;
				CLANG_WARN_OBJC_ROOT_CLASS = YES_ERROR;
				CLANG_WARN_RANGE_LOOP_ANALYSIS = YES;
				CLANG_WARN_STRICT_PROTOTYPES = YES;
				CLANG_WARN_SUSPICIOUS_MOVE = YES;
				CLANG_WARN_UNGUARDED_AVAILABILITY = YES_AGGRESSIVE;
				CLANG_WARN_UNREACHABLE_CODE = YES;
				CLANG_WARN__DUPLICATE_METHOD_MATCH = YES;
				CODE_SIGN_IDENTITY = "iPhone Developer";
				COPY_PHASE_STRIP = NO;
				DEBUG_INFORMATION_FORMAT = "dwarf-with-dsym";
				ENABLE_NS_ASSERTIONS = NO;
				ENABLE_STRICT_OBJC_MSGSEND = YES;
				GCC_C_LANGUAGE_STANDARD = gnu11;
				GCC_NO_COMMON_BLOCKS = YES;
				GCC_WARN_64_TO_32_BIT_CONVERSION = YES;
				GCC_WARN_ABOUT_RETURN_TYPE = YES_ERROR;
				GCC_WARN_UNDECLARED_SELECTOR = YES;
				GCC_WARN_UNINITIALIZED_AUTOS = YES_AGGRESSIVE;
				GCC_WARN_UNUSED_FUNCTION = YES;
				GCC_WARN_UNUSED_VARIABLE = YES;
				IPHONEOS_DEPLOYMENT_TARGET = 11.3;
				MTL_ENABLE_DEBUG_INFO = NO;
				SDKROOT = iphoneos;
				SWIFT_COMPILATION_MODE = wholemodule;
				SWIFT_OPTIMIZATION_LEVEL = "-O";
				VALIDATE_PRODUCT = YES;
			};
			name = Release;
		};
		3E68D13C20B9C9500007AC75 /* Debug */ = {
			isa = XCBuildConfiguration;
			buildSettings = {
				ASSETCATALOG_COMPILER_APPICON_NAME = AppIcon;
				CODE_SIGN_STYLE = Automatic;
				DEVELOPMENT_TEAM = PQD87S5J6V;
				INFOPLIST_FILE = SwuxExample/Info.plist;
				IPHONEOS_DEPLOYMENT_TARGET = 11.0;
				LD_RUNPATH_SEARCH_PATHS = (
					"$(inherited)",
					"@executable_path/Frameworks",
				);
				PRODUCT_BUNDLE_IDENTIFIER = com.wircho.SwuxExample;
				PRODUCT_NAME = "$(TARGET_NAME)";
				SWIFT_VERSION = 4.0;
				TARGETED_DEVICE_FAMILY = "1,2";
			};
			name = Debug;
		};
		3E68D13D20B9C9500007AC75 /* Release */ = {
			isa = XCBuildConfiguration;
			buildSettings = {
				ASSETCATALOG_COMPILER_APPICON_NAME = AppIcon;
				CODE_SIGN_STYLE = Automatic;
				DEVELOPMENT_TEAM = PQD87S5J6V;
				INFOPLIST_FILE = SwuxExample/Info.plist;
				IPHONEOS_DEPLOYMENT_TARGET = 11.0;
				LD_RUNPATH_SEARCH_PATHS = (
					"$(inherited)",
					"@executable_path/Frameworks",
				);
				PRODUCT_BUNDLE_IDENTIFIER = com.wircho.SwuxExample;
				PRODUCT_NAME = "$(TARGET_NAME)";
				SWIFT_VERSION = 4.0;
				TARGETED_DEVICE_FAMILY = "1,2";
			};
			name = Release;
		};
/* End XCBuildConfiguration section */

/* Begin XCConfigurationList section */
		3E68D12420B9C94C0007AC75 /* Build configuration list for PBXProject "SwuxExample" */ = {
			isa = XCConfigurationList;
			buildConfigurations = (
				3E68D13920B9C9500007AC75 /* Debug */,
				3E68D13A20B9C9500007AC75 /* Release */,
			);
			defaultConfigurationIsVisible = 0;
			defaultConfigurationName = Release;
		};
		3E68D13B20B9C9500007AC75 /* Build configuration list for PBXNativeTarget "SwuxExample" */ = {
			isa = XCConfigurationList;
			buildConfigurations = (
				3E68D13C20B9C9500007AC75 /* Debug */,
				3E68D13D20B9C9500007AC75 /* Release */,
			);
			defaultConfigurationIsVisible = 0;
			defaultConfigurationName = Release;
		};
/* End XCConfigurationList section */
	};
	rootObject = 3E68D12120B9C94C0007AC75 /* Project object */;
}
